// !$*UTF8*$!
{
	archiveVersion = 1;
	classes = {
	};
	objectVersion = 50;
	objects = {

/* Begin PBXBuildFile section */
		04DEF00922F0566500A652A1 /* AppDelegate.m in Sources */ = {isa = PBXBuildFile; fileRef = 04DEF00822F0566500A652A1 /* AppDelegate.m */; };
		04DEF00C22F0566500A652A1 /* ViewController.m in Sources */ = {isa = PBXBuildFile; fileRef = 04DEF00B22F0566500A652A1 /* ViewController.m */; };
		04DEF00F22F0566500A652A1 /* Main.storyboard in Resources */ = {isa = PBXBuildFile; fileRef = 04DEF00D22F0566500A652A1 /* Main.storyboard */; };
		04DEF01122F0566500A652A1 /* Assets.xcassets in Resources */ = {isa = PBXBuildFile; fileRef = 04DEF01022F0566500A652A1 /* Assets.xcassets */; };
		04DEF01422F0566500A652A1 /* LaunchScreen.storyboard in Resources */ = {isa = PBXBuildFile; fileRef = 04DEF01222F0566500A652A1 /* LaunchScreen.storyboard */; };
		04DEF01722F0566500A652A1 /* main.m in Sources */ = {isa = PBXBuildFile; fileRef = 04DEF01622F0566500A652A1 /* main.m */; };
		04DEF02122F0566500A652A1 /* CurrentProjectKeyShowDemoTests.m in Sources */ = {isa = PBXBuildFile; fileRef = 04DEF02022F0566500A652A1 /* CurrentProjectKeyShowDemoTests.m */; };
		04DEF02C22F0566500A652A1 /* CurrentProjectKeyShowDemoUITests.m in Sources */ = {isa = PBXBuildFile; fileRef = 04DEF02B22F0566500A652A1 /* CurrentProjectKeyShowDemoUITests.m */; };
		04DEF03B22F0568F00A652A1 /* YuiInputTextFieldCustomView.m in Sources */ = {isa = PBXBuildFile; fileRef = 04DEF03A22F0568F00A652A1 /* YuiInputTextFieldCustomView.m */; };
		D5D4F5340C25DDBBE381D331 /* libPods-CurrentProjectKeyShowDemo.a in Frameworks */ = {isa = PBXBuildFile; fileRef = 5BACEA1874FF3E78F9D6EAA8 /* libPods-CurrentProjectKeyShowDemo.a */; };
/* End PBXBuildFile section */

/* Begin PBXContainerItemProxy section */
		04DEF01D22F0566500A652A1 /* PBXContainerItemProxy */ = {
			isa = PBXContainerItemProxy;
			containerPortal = 04DEEFFC22F0566400A652A1 /* Project object */;
			proxyType = 1;
			remoteGlobalIDString = 04DEF00322F0566400A652A1;
			remoteInfo = CurrentProjectKeyShowDemo;
		};
		04DEF02822F0566500A652A1 /* PBXContainerItemProxy */ = {
			isa = PBXContainerItemProxy;
			containerPortal = 04DEEFFC22F0566400A652A1 /* Project object */;
			proxyType = 1;
			remoteGlobalIDString = 04DEF00322F0566400A652A1;
			remoteInfo = CurrentProjectKeyShowDemo;
		};
/* End PBXContainerItemProxy section */

/* Begin PBXFileReference section */
		04DEF00422F0566400A652A1 /* CurrentProjectKeyShowDemo.app */ = {isa = PBXFileReference; explicitFileType = wrapper.application; includeInIndex = 0; path = CurrentProjectKeyShowDemo.app; sourceTree = BUILT_PRODUCTS_DIR; };
		04DEF00722F0566500A652A1 /* AppDelegate.h */ = {isa = PBXFileReference; lastKnownFileType = sourcecode.c.h; path = AppDelegate.h; sourceTree = "<group>"; };
		04DEF00822F0566500A652A1 /* AppDelegate.m */ = {isa = PBXFileReference; lastKnownFileType = sourcecode.c.objc; path = AppDelegate.m; sourceTree = "<group>"; };
		04DEF00A22F0566500A652A1 /* ViewController.h */ = {isa = PBXFileReference; lastKnownFileType = sourcecode.c.h; path = ViewController.h; sourceTree = "<group>"; };
		04DEF00B22F0566500A652A1 /* ViewController.m */ = {isa = PBXFileReference; lastKnownFileType = sourcecode.c.objc; path = ViewController.m; sourceTree = "<group>"; };
		04DEF00E22F0566500A652A1 /* Base */ = {isa = PBXFileReference; lastKnownFileType = file.storyboard; name = Base; path = Base.lproj/Main.storyboard; sourceTree = "<group>"; };
		04DEF01022F0566500A652A1 /* Assets.xcassets */ = {isa = PBXFileReference; lastKnownFileType = folder.assetcatalog; path = Assets.xcassets; sourceTree = "<group>"; };
		04DEF01322F0566500A652A1 /* Base */ = {isa = PBXFileReference; lastKnownFileType = file.storyboard; name = Base; path = Base.lproj/LaunchScreen.storyboard; sourceTree = "<group>"; };
		04DEF01522F0566500A652A1 /* Info.plist */ = {isa = PBXFileReference; lastKnownFileType = text.plist.xml; path = Info.plist; sourceTree = "<group>"; };
		04DEF01622F0566500A652A1 /* main.m */ = {isa = PBXFileReference; lastKnownFileType = sourcecode.c.objc; path = main.m; sourceTree = "<group>"; };
		04DEF01C22F0566500A652A1 /* CurrentProjectKeyShowDemoTests.xctest */ = {isa = PBXFileReference; explicitFileType = wrapper.cfbundle; includeInIndex = 0; path = CurrentProjectKeyShowDemoTests.xctest; sourceTree = BUILT_PRODUCTS_DIR; };
		04DEF02022F0566500A652A1 /* CurrentProjectKeyShowDemoTests.m */ = {isa = PBXFileReference; lastKnownFileType = sourcecode.c.objc; path = CurrentProjectKeyShowDemoTests.m; sourceTree = "<group>"; };
		04DEF02222F0566500A652A1 /* Info.plist */ = {isa = PBXFileReference; lastKnownFileType = text.plist.xml; path = Info.plist; sourceTree = "<group>"; };
		04DEF02722F0566500A652A1 /* CurrentProjectKeyShowDemoUITests.xctest */ = {isa = PBXFileReference; explicitFileType = wrapper.cfbundle; includeInIndex = 0; path = CurrentProjectKeyShowDemoUITests.xctest; sourceTree = BUILT_PRODUCTS_DIR; };
		04DEF02B22F0566500A652A1 /* CurrentProjectKeyShowDemoUITests.m */ = {isa = PBXFileReference; lastKnownFileType = sourcecode.c.objc; path = CurrentProjectKeyShowDemoUITests.m; sourceTree = "<group>"; };
		04DEF02D22F0566500A652A1 /* Info.plist */ = {isa = PBXFileReference; lastKnownFileType = text.plist.xml; path = Info.plist; sourceTree = "<group>"; };
		04DEF03922F0568F00A652A1 /* YuiInputTextFieldCustomView.h */ = {isa = PBXFileReference; fileEncoding = 4; lastKnownFileType = sourcecode.c.h; path = YuiInputTextFieldCustomView.h; sourceTree = "<group>"; };
		04DEF03A22F0568F00A652A1 /* YuiInputTextFieldCustomView.m */ = {isa = PBXFileReference; fileEncoding = 4; lastKnownFileType = sourcecode.c.objc; path = YuiInputTextFieldCustomView.m; sourceTree = "<group>"; };
		2E193ECA15CF6F09FF6F5F41 /* Pods-CurrentProjectKeyShowDemo.debug.xcconfig */ = {isa = PBXFileReference; includeInIndex = 1; lastKnownFileType = text.xcconfig; name = "Pods-CurrentProjectKeyShowDemo.debug.xcconfig"; path = "Target Support Files/Pods-CurrentProjectKeyShowDemo/Pods-CurrentProjectKeyShowDemo.debug.xcconfig"; sourceTree = "<group>"; };
		5BACEA1874FF3E78F9D6EAA8 /* libPods-CurrentProjectKeyShowDemo.a */ = {isa = PBXFileReference; explicitFileType = archive.ar; includeInIndex = 0; path = "libPods-CurrentProjectKeyShowDemo.a"; sourceTree = BUILT_PRODUCTS_DIR; };
		601FC6A0EADEFF1601B9A132 /* Pods-CurrentProjectKeyShowDemo.release.xcconfig */ = {isa = PBXFileReference; includeInIndex = 1; lastKnownFileType = text.xcconfig; name = "Pods-CurrentProjectKeyShowDemo.release.xcconfig"; path = "Target Support Files/Pods-CurrentProjectKeyShowDemo/Pods-CurrentProjectKeyShowDemo.release.xcconfig"; sourceTree = "<group>"; };
/* End PBXFileReference section */

/* Begin PBXFrameworksBuildPhase section */
		04DEF00122F0566400A652A1 /* Frameworks */ = {
			isa = PBXFrameworksBuildPhase;
			buildActionMask = 2147483647;
			files = (
				D5D4F5340C25DDBBE381D331 /* libPods-CurrentProjectKeyShowDemo.a in Frameworks */,
			);
			runOnlyForDeploymentPostprocessing = 0;
		};
		04DEF01922F0566500A652A1 /* Frameworks */ = {
			isa = PBXFrameworksBuildPhase;
			buildActionMask = 2147483647;
			files = (
			);
			runOnlyForDeploymentPostprocessing = 0;
		};
		04DEF02422F0566500A652A1 /* Frameworks */ = {
			isa = PBXFrameworksBuildPhase;
			buildActionMask = 2147483647;
			files = (
			);
			runOnlyForDeploymentPostprocessing = 0;
		};
/* End PBXFrameworksBuildPhase section */

/* Begin PBXGroup section */
		04DEEFFB22F0566400A652A1 = {
			isa = PBXGroup;
			children = (
				04DEF00622F0566500A652A1 /* CurrentProjectKeyShowDemo */,
				04DEF01F22F0566500A652A1 /* CurrentProjectKeyShowDemoTests */,
				04DEF02A22F0566500A652A1 /* CurrentProjectKeyShowDemoUITests */,
				04DEF00522F0566400A652A1 /* Products */,
				39E9AF997E1C2FDC9473FD7A /* Pods */,
				8DA1FC3AFAB3C5C758991D75 /* Frameworks */,
			);
			sourceTree = "<group>";
		};
		04DEF00522F0566400A652A1 /* Products */ = {
			isa = PBXGroup;
			children = (
				04DEF00422F0566400A652A1 /* CurrentProjectKeyShowDemo.app */,
				04DEF01C22F0566500A652A1 /* CurrentProjectKeyShowDemoTests.xctest */,
				04DEF02722F0566500A652A1 /* CurrentProjectKeyShowDemoUITests.xctest */,
			);
			name = Products;
			sourceTree = "<group>";
		};
		04DEF00622F0566500A652A1 /* CurrentProjectKeyShowDemo */ = {
			isa = PBXGroup;
			children = (
				04DEF03922F0568F00A652A1 /* YuiInputTextFieldCustomView.h */,
				04DEF03A22F0568F00A652A1 /* YuiInputTextFieldCustomView.m */,
				04DEF00722F0566500A652A1 /* AppDelegate.h */,
				04DEF00822F0566500A652A1 /* AppDelegate.m */,
				04DEF00A22F0566500A652A1 /* ViewController.h */,
				04DEF00B22F0566500A652A1 /* ViewController.m */,
				04DEF00D22F0566500A652A1 /* Main.storyboard */,
				04DEF01022F0566500A652A1 /* Assets.xcassets */,
				04DEF01222F0566500A652A1 /* LaunchScreen.storyboard */,
				04DEF01522F0566500A652A1 /* Info.plist */,
				04DEF01622F0566500A652A1 /* main.m */,
			);
			path = CurrentProjectKeyShowDemo;
			sourceTree = "<group>";
		};
		04DEF01F22F0566500A652A1 /* CurrentProjectKeyShowDemoTests */ = {
			isa = PBXGroup;
			children = (
				04DEF02022F0566500A652A1 /* CurrentProjectKeyShowDemoTests.m */,
				04DEF02222F0566500A652A1 /* Info.plist */,
			);
			path = CurrentProjectKeyShowDemoTests;
			sourceTree = "<group>";
		};
		04DEF02A22F0566500A652A1 /* CurrentProjectKeyShowDemoUITests */ = {
			isa = PBXGroup;
			children = (
				04DEF02B22F0566500A652A1 /* CurrentProjectKeyShowDemoUITests.m */,
				04DEF02D22F0566500A652A1 /* Info.plist */,
			);
			path = CurrentProjectKeyShowDemoUITests;
			sourceTree = "<group>";
		};
		39E9AF997E1C2FDC9473FD7A /* Pods */ = {
			isa = PBXGroup;
			children = (
				2E193ECA15CF6F09FF6F5F41 /* Pods-CurrentProjectKeyShowDemo.debug.xcconfig */,
				601FC6A0EADEFF1601B9A132 /* Pods-CurrentProjectKeyShowDemo.release.xcconfig */,
			);
			name = Pods;
			path = Pods;
			sourceTree = "<group>";
		};
		8DA1FC3AFAB3C5C758991D75 /* Frameworks */ = {
			isa = PBXGroup;
			children = (
				5BACEA1874FF3E78F9D6EAA8 /* libPods-CurrentProjectKeyShowDemo.a */,
			);
			name = Frameworks;
			sourceTree = "<group>";
		};
/* End PBXGroup section */

/* Begin PBXNativeTarget section */
		04DEF00322F0566400A652A1 /* CurrentProjectKeyShowDemo */ = {
			isa = PBXNativeTarget;
			buildConfigurationList = 04DEF03022F0566500A652A1 /* Build configuration list for PBXNativeTarget "CurrentProjectKeyShowDemo" */;
			buildPhases = (
				F868B54D22DDB501A1296490 /* [CP] Check Pods Manifest.lock */,
				04DEF00022F0566400A652A1 /* Sources */,
				04DEF00122F0566400A652A1 /* Frameworks */,
				04DEF00222F0566400A652A1 /* Resources */,
			);
			buildRules = (
			);
			dependencies = (
			);
			name = CurrentProjectKeyShowDemo;
			productName = CurrentProjectKeyShowDemo;
			productReference = 04DEF00422F0566400A652A1 /* CurrentProjectKeyShowDemo.app */;
			productType = "com.apple.product-type.application";
		};
		04DEF01B22F0566500A652A1 /* CurrentProjectKeyShowDemoTests */ = {
			isa = PBXNativeTarget;
			buildConfigurationList = 04DEF03322F0566500A652A1 /* Build configuration list for PBXNativeTarget "CurrentProjectKeyShowDemoTests" */;
			buildPhases = (
				04DEF01822F0566500A652A1 /* Sources */,
				04DEF01922F0566500A652A1 /* Frameworks */,
				04DEF01A22F0566500A652A1 /* Resources */,
			);
			buildRules = (
			);
			dependencies = (
				04DEF01E22F0566500A652A1 /* PBXTargetDependency */,
			);
			name = CurrentProjectKeyShowDemoTests;
			productName = CurrentProjectKeyShowDemoTests;
			productReference = 04DEF01C22F0566500A652A1 /* CurrentProjectKeyShowDemoTests.xctest */;
			productType = "com.apple.product-type.bundle.unit-test";
		};
		04DEF02622F0566500A652A1 /* CurrentProjectKeyShowDemoUITests */ = {
			isa = PBXNativeTarget;
			buildConfigurationList = 04DEF03622F0566500A652A1 /* Build configuration list for PBXNativeTarget "CurrentProjectKeyShowDemoUITests" */;
			buildPhases = (
				04DEF02322F0566500A652A1 /* Sources */,
				04DEF02422F0566500A652A1 /* Frameworks */,
				04DEF02522F0566500A652A1 /* Resources */,
			);
			buildRules = (
			);
			dependencies = (
				04DEF02922F0566500A652A1 /* PBXTargetDependency */,
			);
			name = CurrentProjectKeyShowDemoUITests;
			productName = CurrentProjectKeyShowDemoUITests;
			productReference = 04DEF02722F0566500A652A1 /* CurrentProjectKeyShowDemoUITests.xctest */;
			productType = "com.apple.product-type.bundle.ui-testing";
		};
/* End PBXNativeTarget section */

/* Begin PBXProject section */
		04DEEFFC22F0566400A652A1 /* Project object */ = {
			isa = PBXProject;
			attributes = {
				LastUpgradeCheck = 1020;
				ORGANIZATIONNAME = Mac;
				TargetAttributes = {
					04DEF00322F0566400A652A1 = {
						CreatedOnToolsVersion = 10.2.1;
					};
					04DEF01B22F0566500A652A1 = {
						CreatedOnToolsVersion = 10.2.1;
						TestTargetID = 04DEF00322F0566400A652A1;
					};
					04DEF02622F0566500A652A1 = {
						CreatedOnToolsVersion = 10.2.1;
						TestTargetID = 04DEF00322F0566400A652A1;
					};
				};
			};
			buildConfigurationList = 04DEEFFF22F0566400A652A1 /* Build configuration list for PBXProject "CurrentProjectKeyShowDemo" */;
			compatibilityVersion = "Xcode 9.3";
			developmentRegion = en;
			hasScannedForEncodings = 0;
			knownRegions = (
				en,
				Base,
			);
			mainGroup = 04DEEFFB22F0566400A652A1;
			productRefGroup = 04DEF00522F0566400A652A1 /* Products */;
			projectDirPath = "";
			projectRoot = "";
			targets = (
				04DEF00322F0566400A652A1 /* CurrentProjectKeyShowDemo */,
				04DEF01B22F0566500A652A1 /* CurrentProjectKeyShowDemoTests */,
				04DEF02622F0566500A652A1 /* CurrentProjectKeyShowDemoUITests */,
			);
		};
/* End PBXProject section */

/* Begin PBXResourcesBuildPhase section */
		04DEF00222F0566400A652A1 /* Resources */ = {
			isa = PBXResourcesBuildPhase;
			buildActionMask = 2147483647;
			files = (
				04DEF01422F0566500A652A1 /* LaunchScreen.storyboard in Resources */,
				04DEF01122F0566500A652A1 /* Assets.xcassets in Resources */,
				04DEF00F22F0566500A652A1 /* Main.storyboard in Resources */,
			);
			runOnlyForDeploymentPostprocessing = 0;
		};
		04DEF01A22F0566500A652A1 /* Resources */ = {
			isa = PBXResourcesBuildPhase;
			buildActionMask = 2147483647;
			files = (
			);
			runOnlyForDeploymentPostprocessing = 0;
		};
		04DEF02522F0566500A652A1 /* Resources */ = {
			isa = PBXResourcesBuildPhase;
			buildActionMask = 2147483647;
			files = (
			);
			runOnlyForDeploymentPostprocessing = 0;
		};
/* End PBXResourcesBuildPhase section */

/* Begin PBXShellScriptBuildPhase section */
		F868B54D22DDB501A1296490 /* [CP] Check Pods Manifest.lock */ = {
			isa = PBXShellScriptBuildPhase;
			buildActionMask = 2147483647;
			files = (
			);
			inputFileListPaths = (
			);
			inputPaths = (
				"${PODS_PODFILE_DIR_PATH}/Podfile.lock",
				"${PODS_ROOT}/Manifest.lock",
			);
			name = "[CP] Check Pods Manifest.lock";
			outputFileListPaths = (
			);
			outputPaths = (
				"$(DERIVED_FILE_DIR)/Pods-CurrentProjectKeyShowDemo-checkManifestLockResult.txt",
			);
			runOnlyForDeploymentPostprocessing = 0;
			shellPath = /bin/sh;
			shellScript = "diff \"${PODS_PODFILE_DIR_PATH}/Podfile.lock\" \"${PODS_ROOT}/Manifest.lock\" > /dev/null\nif [ $? != 0 ] ; then\n    # print error to STDERR\n    echo \"error: The sandbox is not in sync with the Podfile.lock. Run 'pod install' or update your CocoaPods installation.\" >&2\n    exit 1\nfi\n# This output is used by Xcode 'outputs' to avoid re-running this script phase.\necho \"SUCCESS\" > \"${SCRIPT_OUTPUT_FILE_0}\"\n";
			showEnvVarsInLog = 0;
		};
/* End PBXShellScriptBuildPhase section */

/* Begin PBXSourcesBuildPhase section */
		04DEF00022F0566400A652A1 /* Sources */ = {
			isa = PBXSourcesBuildPhase;
			buildActionMask = 2147483647;
			files = (
				04DEF00C22F0566500A652A1 /* ViewController.m in Sources */,
				04DEF01722F0566500A652A1 /* main.m in Sources */,
				04DEF03B22F0568F00A652A1 /* YuiInputTextFieldCustomView.m in Sources */,
				04DEF00922F0566500A652A1 /* AppDelegate.m in Sources */,
			);
			runOnlyForDeploymentPostprocessing = 0;
		};
		04DEF01822F0566500A652A1 /* Sources */ = {
			isa = PBXSourcesBuildPhase;
			buildActionMask = 2147483647;
			files = (
				04DEF02122F0566500A652A1 /* CurrentProjectKeyShowDemoTests.m in Sources */,
			);
			runOnlyForDeploymentPostprocessing = 0;
		};
		04DEF02322F0566500A652A1 /* Sources */ = {
			isa = PBXSourcesBuildPhase;
			buildActionMask = 2147483647;
			files = (
				04DEF02C22F0566500A652A1 /* CurrentProjectKeyShowDemoUITests.m in Sources */,
			);
			runOnlyForDeploymentPostprocessing = 0;
		};
/* End PBXSourcesBuildPhase section */

/* Begin PBXTargetDependency section */
		04DEF01E22F0566500A652A1 /* PBXTargetDependency */ = {
			isa = PBXTargetDependency;
			target = 04DEF00322F0566400A652A1 /* CurrentProjectKeyShowDemo */;
			targetProxy = 04DEF01D22F0566500A652A1 /* PBXContainerItemProxy */;
		};
		04DEF02922F0566500A652A1 /* PBXTargetDependency */ = {
			isa = PBXTargetDependency;
			target = 04DEF00322F0566400A652A1 /* CurrentProjectKeyShowDemo */;
			targetProxy = 04DEF02822F0566500A652A1 /* PBXContainerItemProxy */;
		};
/* End PBXTargetDependency section */

/* Begin PBXVariantGroup section */
		04DEF00D22F0566500A652A1 /* Main.storyboard */ = {
			isa = PBXVariantGroup;
			children = (
				04DEF00E22F0566500A652A1 /* Base */,
			);
			name = Main.storyboard;
			sourceTree = "<group>";
		};
		04DEF01222F0566500A652A1 /* LaunchScreen.storyboard */ = {
			isa = PBXVariantGroup;
			children = (
				04DEF01322F0566500A652A1 /* Base */,
			);
			name = LaunchScreen.storyboard;
			sourceTree = "<group>";
		};
/* End PBXVariantGroup section */

/* Begin XCBuildConfiguration section */
		04DEF02E22F0566500A652A1 /* Debug */ = {
			isa = XCBuildConfiguration;
			buildSettings = {
				ALWAYS_SEARCH_USER_PATHS = NO;
				CLANG_ANALYZER_NONNULL = YES;
				CLANG_ANALYZER_NUMBER_OBJECT_CONVERSION = YES_AGGRESSIVE;
				CLANG_CXX_LANGUAGE_STANDARD = "gnu++14";
				CLANG_CXX_LIBRARY = "libc++";
				CLANG_ENABLE_MODULES = YES;
				CLANG_ENABLE_OBJC_ARC = YES;
				CLANG_ENABLE_OBJC_WEAK = YES;
				CLANG_WARN_BLOCK_CAPTURE_AUTORELEASING = YES;
				CLANG_WARN_BOOL_CONVERSION = YES;
				CLANG_WARN_COMMA = YES;
				CLANG_WARN_CONSTANT_CONVERSION = YES;
				CLANG_WARN_DEPRECATED_OBJC_IMPLEMENTATIONS = YES;
				CLANG_WARN_DIRECT_OBJC_ISA_USAGE = YES_ERROR;
				CLANG_WARN_DOCUMENTATION_COMMENTS = YES;
				CLANG_WARN_EMPTY_BODY = YES;
				CLANG_WARN_ENUM_CONVERSION = YES;
				CLANG_WARN_INFINITE_RECURSION = YES;
				CLANG_WARN_INT_CONVERSION = YES;
				CLANG_WARN_NON_LITERAL_NULL_CONVERSION = YES;
				CLANG_WARN_OBJC_IMPLICIT_RETAIN_SELF = YES;
				CLANG_WARN_OBJC_LITERAL_CONVERSION = YES;
				CLANG_WARN_OBJC_ROOT_CLASS = YES_ERROR;
				CLANG_WARN_RANGE_LOOP_ANALYSIS = YES;
				CLANG_WARN_STRICT_PROTOTYPES = YES;
				CLANG_WARN_SUSPICIOUS_MOVE = YES;
				CLANG_WARN_UNGUARDED_AVAILABILITY = YES_AGGRESSIVE;
				CLANG_WARN_UNREACHABLE_CODE = YES;
				CLANG_WARN__DUPLICATE_METHOD_MATCH = YES;
				CODE_SIGN_IDENTITY = "iPhone Developer";
				COPY_PHASE_STRIP = NO;
				DEBUG_INFORMATION_FORMAT = dwarf;
				ENABLE_STRICT_OBJC_MSGSEND = YES;
				ENABLE_TESTABILITY = YES;
				GCC_C_LANGUAGE_STANDARD = gnu11;
				GCC_DYNAMIC_NO_PIC = NO;
				GCC_NO_COMMON_BLOCKS = YES;
				GCC_OPTIMIZATION_LEVEL = 0;
				GCC_PREPROCESSOR_DEFINITIONS = (
					"DEBUG=1",
					"$(inherited)",
				);
				GCC_WARN_64_TO_32_BIT_CONVERSION = YES;
				GCC_WARN_ABOUT_RETURN_TYPE = YES_ERROR;
				GCC_WARN_UNDECLARED_SELECTOR = YES;
				GCC_WARN_UNINITIALIZED_AUTOS = YES_AGGRESSIVE;
				GCC_WARN_UNUSED_FUNCTION = YES;
				GCC_WARN_UNUSED_VARIABLE = YES;
				IPHONEOS_DEPLOYMENT_TARGET = 12.2;
				MTL_ENABLE_DEBUG_INFO = INCLUDE_SOURCE;
				MTL_FAST_MATH = YES;
				ONLY_ACTIVE_ARCH = YES;
				SDKROOT = iphoneos;
			};
			name = Debug;
		};
		04DEF02F22F0566500A652A1 /* Release */ = {
			isa = XCBuildConfiguration;
			buildSettings = {
				ALWAYS_SEARCH_USER_PATHS = NO;
				CLANG_ANALYZER_NONNULL = YES;
				CLANG_ANALYZER_NUMBER_OBJECT_CONVERSION = YES_AGGRESSIVE;
				CLANG_CXX_LANGUAGE_STANDARD = "gnu++14";
				CLANG_CXX_LIBRARY = "libc++";
				CLANG_ENABLE_MODULES = YES;
				CLANG_ENABLE_OBJC_ARC = YES;
				CLANG_ENABLE_OBJC_WEAK = YES;
				CLANG_WARN_BLOCK_CAPTURE_AUTORELEASING = YES;
				CLANG_WARN_BOOL_CONVERSION = YES;
				CLANG_WARN_COMMA = YES;
				CLANG_WARN_CONSTANT_CONVERSION = YES;
				CLANG_WARN_DEPRECATED_OBJC_IMPLEMENTATIONS = YES;
				CLANG_WARN_DIRECT_OBJC_ISA_USAGE = YES_ERROR;
				CLANG_WARN_DOCUMENTATION_COMMENTS = YES;
				CLANG_WARN_EMPTY_BODY = YES;
				CLANG_WARN_ENUM_CONVERSION = YES;
				CLANG_WARN_INFINITE_RECURSION = YES;
				CLANG_WARN_INT_CONVERSION = YES;
				CLANG_WARN_NON_LITERAL_NULL_CONVERSION = YES;
				CLANG_WARN_OBJC_IMPLICIT_RETAIN_SELF = YES;
				CLANG_WARN_OBJC_LITERAL_CONVERSION = YES;
				CLANG_WARN_OBJC_ROOT_CLASS = YES_ERROR;
				CLANG_WARN_RANGE_LOOP_ANALYSIS = YES;
				CLANG_WARN_STRICT_PROTOTYPES = YES;
				CLANG_WARN_SUSPICIOUS_MOVE = YES;
				CLANG_WARN_UNGUARDED_AVAILABILITY = YES_AGGRESSIVE;
				CLANG_WARN_UNREACHABLE_CODE = YES;
				CLANG_WARN__DUPLICATE_METHOD_MATCH = YES;
				CODE_SIGN_IDENTITY = "iPhone Developer";
				COPY_PHASE_STRIP = NO;
				DEBUG_INFORMATION_FORMAT = "dwarf-with-dsym";
				ENABLE_NS_ASSERTIONS = NO;
				ENABLE_STRICT_OBJC_MSGSEND = YES;
				GCC_C_LANGUAGE_STANDARD = gnu11;
				GCC_NO_COMMON_BLOCKS = YES;
				GCC_WARN_64_TO_32_BIT_CONVERSION = YES;
				GCC_WARN_ABOUT_RETURN_TYPE = YES_ERROR;
				GCC_WARN_UNDECLARED_SELECTOR = YES;
				GCC_WARN_UNINITIALIZED_AUTOS = YES_AGGRESSIVE;
				GCC_WARN_UNUSED_FUNCTION = YES;
				GCC_WARN_UNUSED_VARIABLE = YES;
				IPHONEOS_DEPLOYMENT_TARGET = 12.2;
				MTL_ENABLE_DEBUG_INFO = NO;
				MTL_FAST_MATH = YES;
				SDKROOT = iphoneos;
				VALIDATE_PRODUCT = YES;
			};
			name = Release;
		};
		04DEF03122F0566500A652A1 /* Debug */ = {
			isa = XCBuildConfiguration;
			baseConfigurationReference = 2E193ECA15CF6F09FF6F5F41 /* Pods-CurrentProjectKeyShowDemo.debug.xcconfig */;
			buildSettings = {
				ASSETCATALOG_COMPILER_APPICON_NAME = AppIcon;
				CODE_SIGN_STYLE = Automatic;
				INFOPLIST_FILE = CurrentProjectKeyShowDemo/Info.plist;
				LD_RUNPATH_SEARCH_PATHS = (
					"$(inherited)",
					"@executable_path/Frameworks",
				);
				PRODUCT_BUNDLE_IDENTIFIER = www.hime.CurrentProjectKeyShowDemo;
				PRODUCT_NAME = "$(TARGET_NAME)";
				TARGETED_DEVICE_FAMILY = "1,2";
			};
			name = Debug;
		};
		04DEF03222F0566500A652A1 /* Release */ = {
			isa = XCBuildConfiguration;
			baseConfigurationReference = 601FC6A0EADEFF1601B9A132 /* Pods-CurrentProjectKeyShowDemo.release.xcconfig */;
			buildSettings = {
				ASSETCATALOG_COMPILER_APPICON_NAME = AppIcon;
				CODE_SIGN_STYLE = Automatic;
				INFOPLIST_FILE = CurrentProjectKeyShowDemo/Info.plist;
				LD_RUNPATH_SEARCH_PATHS = (
					"$(inherited)",
					"@executable_path/Frameworks",
				);
				PRODUCT_BUNDLE_IDENTIFIER = www.hime.CurrentProjectKeyShowDemo;
				PRODUCT_NAME = "$(TARGET_NAME)";
				TARGETED_DEVICE_FAMILY = "1,2";
			};
			name = Release;
		};
		04DEF03422F0566500A652A1 /* Debug */ = {
			isa = XCBuildConfiguration;
			buildSettings = {
				BUNDLE_LOADER = "$(TEST_HOST)";
				CODE_SIGN_STYLE = Automatic;
				INFOPLIST_FILE = CurrentProjectKeyShowDemoTests/Info.plist;
				LD_RUNPATH_SEARCH_PATHS = (
					"$(inherited)",
					"@executable_path/Frameworks",
					"@loader_path/Frameworks",
				);
				PRODUCT_BUNDLE_IDENTIFIER = www.hime.CurrentProjectKeyShowDemoTests;
				PRODUCT_NAME = "$(TARGET_NAME)";
				TARGETED_DEVICE_FAMILY = "1,2";
				TEST_HOST = "$(BUILT_PRODUCTS_DIR)/CurrentProjectKeyShowDemo.app/CurrentProjectKeyShowDemo";
			};
			name = Debug;
		};
		04DEF03522F0566500A652A1 /* Release */ = {
			isa = XCBuildConfiguration;
			buildSettings = {
				BUNDLE_LOADER = "$(TEST_HOST)";
				CODE_SIGN_STYLE = Automatic;
				INFOPLIST_FILE = CurrentProjectKeyShowDemoTests/Info.plist;
				LD_RUNPATH_SEARCH_PATHS = (
					"$(inherited)",
					"@executable_path/Frameworks",
					"@loader_path/Frameworks",
				);
				PRODUCT_BUNDLE_IDENTIFIER = www.hime.CurrentProjectKeyShowDemoTests;
				PRODUCT_NAME = "$(TARGET_NAME)";
				TARGETED_DEVICE_FAMILY = "1,2";
				TEST_HOST = "$(BUILT_PRODUCTS_DIR)/CurrentProjectKeyShowDemo.app/CurrentProjectKeyShowDemo";
			};
			name = Release;
		};
		04DEF03722F0566500A652A1 /* Debug */ = {
			isa = XCBuildConfiguration;
			buildSettings = {
				CODE_SIGN_STYLE = Automatic;
				INFOPLIST_FILE = CurrentProjectKeyShowDemoUITests/Info.plist;
				LD_RUNPATH_SEARCH_PATHS = (
					"$(inherited)",
					"@executable_path/Frameworks",
					"@loader_path/Frameworks",
				);
				PRODUCT_BUNDLE_IDENTIFIER = www.hime.CurrentProjectKeyShowDemoUITests;
				PRODUCT_NAME = "$(TARGET_NAME)";
				TARGETED_DEVICE_FAMILY = "1,2";
				TEST_TARGET_NAME = CurrentProjectKeyShowDemo;
			};
			name = Debug;
		};
		04DEF03822F0566500A652A1 /* Release */ = {
			isa = XCBuildConfiguration;
			buildSettings = {
				CODE_SIGN_STYLE = Automatic;
				INFOPLIST_FILE = CurrentProjectKeyShowDemoUITests/Info.plist;
				LD_RUNPATH_SEARCH_PATHS = (
					"$(inherited)",
					"@executable_path/Frameworks",
					"@loader_path/Frameworks",
				);
				PRODUCT_BUNDLE_IDENTIFIER = www.hime.CurrentProjectKeyShowDemoUITests;
				PRODUCT_NAME = "$(TARGET_NAME)";
				TARGETED_DEVICE_FAMILY = "1,2";
				TEST_TARGET_NAME = CurrentProjectKeyShowDemo;
			};
			name = Release;
		};
/* End XCBuildConfiguration section */

/* Begin XCConfigurationList section */
		04DEEFFF22F0566400A652A1 /* Build configuration list for PBXProject "CurrentProjectKeyShowDemo" */ = {
			isa = XCConfigurationList;
			buildConfigurations = (
				04DEF02E22F0566500A652A1 /* Debug */,
				04DEF02F22F0566500A652A1 /* Release */,
			);
			defaultConfigurationIsVisible = 0;
			defaultConfigurationName = Release;
		};
		04DEF03022F0566500A652A1 /* Build configuration list for PBXNativeTarget "CurrentProjectKeyShowDemo" */ = {
			isa = XCConfigurationList;
			buildConfigurations = (
				04DEF03122F0566500A652A1 /* Debug */,
				04DEF03222F0566500A652A1 /* Release */,
			);
			defaultConfigurationIsVisible = 0;
			defaultConfigurationName = Release;
		};
		04DEF03322F0566500A652A1 /* Build configuration list for PBXNativeTarget "CurrentProjectKeyShowDemoTests" */ = {
			isa = XCConfigurationList;
			buildConfigurations = (
				04DEF03422F0566500A652A1 /* Debug */,
				04DEF03522F0566500A652A1 /* Release */,
			);
			defaultConfigurationIsVisible = 0;
			defaultConfigurationName = Release;
		};
		04DEF03622F0566500A652A1 /* Build configuration list for PBXNativeTarget "CurrentProjectKeyShowDemoUITests" */ = {
			isa = XCConfigurationList;
			buildConfigurations = (
				04DEF03722F0566500A652A1 /* Debug */,
				04DEF03822F0566500A652A1 /* Release */,
			);
			defaultConfigurationIsVisible = 0;
			defaultConfigurationName = Release;
		};
/* End XCConfigurationList section */
	};
	rootObject = 04DEEFFC22F0566400A652A1 /* Project object */;
}
