// !$*UTF8*$!
{
	archiveVersion = 1;
	classes = {
	};
	objectVersion = 50;
	objects = {

/* Begin PBXBuildFile section */
		041F8EF422F822FC00CA1946 /* AppDelegate.m in Sources */ = {isa = PBXBuildFile; fileRef = 041F8EF322F822FC00CA1946 /* AppDelegate.m */; };
		041F8EF722F822FC00CA1946 /* ViewController.m in Sources */ = {isa = PBXBuildFile; fileRef = 041F8EF622F822FC00CA1946 /* ViewController.m */; };
		041F8EFA22F822FC00CA1946 /* Main.storyboard in Resources */ = {isa = PBXBuildFile; fileRef = 041F8EF822F822FC00CA1946 /* Main.storyboard */; };
		041F8EFC22F822FD00CA1946 /* Assets.xcassets in Resources */ = {isa = PBXBuildFile; fileRef = 041F8EFB22F822FD00CA1946 /* Assets.xcassets */; };
		041F8EFF22F822FD00CA1946 /* LaunchScreen.storyboard in Resources */ = {isa = PBXBuildFile; fileRef = 041F8EFD22F822FD00CA1946 /* LaunchScreen.storyboard */; };
		041F8F0222F822FD00CA1946 /* main.m in Sources */ = {isa = PBXBuildFile; fileRef = 041F8F0122F822FD00CA1946 /* main.m */; };
		041F8F0C22F822FD00CA1946 /* HiddenNavDemoTests.m in Sources */ = {isa = PBXBuildFile; fileRef = 041F8F0B22F822FD00CA1946 /* HiddenNavDemoTests.m */; };
		041F8F1722F822FD00CA1946 /* HiddenNavDemoUITests.m in Sources */ = {isa = PBXBuildFile; fileRef = 041F8F1622F822FD00CA1946 /* HiddenNavDemoUITests.m */; };
/* End PBXBuildFile section */

/* Begin PBXContainerItemProxy section */
		041F8F0822F822FD00CA1946 /* PBXContainerItemProxy */ = {
			isa = PBXContainerItemProxy;
			containerPortal = 041F8EE722F822FC00CA1946 /* Project object */;
			proxyType = 1;
			remoteGlobalIDString = 041F8EEE22F822FC00CA1946;
			remoteInfo = HiddenNavDemo;
		};
		041F8F1322F822FD00CA1946 /* PBXContainerItemProxy */ = {
			isa = PBXContainerItemProxy;
			containerPortal = 041F8EE722F822FC00CA1946 /* Project object */;
			proxyType = 1;
			remoteGlobalIDString = 041F8EEE22F822FC00CA1946;
			remoteInfo = HiddenNavDemo;
		};
/* End PBXContainerItemProxy section */

/* Begin PBXFileReference section */
		041F8EEF22F822FC00CA1946 /* HiddenNavDemo.app */ = {isa = PBXFileReference; explicitFileType = wrapper.application; includeInIndex = 0; path = HiddenNavDemo.app; sourceTree = BUILT_PRODUCTS_DIR; };
		041F8EF222F822FC00CA1946 /* AppDelegate.h */ = {isa = PBXFileReference; lastKnownFileType = sourcecode.c.h; path = AppDelegate.h; sourceTree = "<group>"; };
		041F8EF322F822FC00CA1946 /* AppDelegate.m */ = {isa = PBXFileReference; lastKnownFileType = sourcecode.c.objc; path = AppDelegate.m; sourceTree = "<group>"; };
		041F8EF522F822FC00CA1946 /* ViewController.h */ = {isa = PBXFileReference; lastKnownFileType = sourcecode.c.h; path = ViewController.h; sourceTree = "<group>"; };
		041F8EF622F822FC00CA1946 /* ViewController.m */ = {isa = PBXFileReference; lastKnownFileType = sourcecode.c.objc; path = ViewController.m; sourceTree = "<group>"; };
		041F8EF922F822FC00CA1946 /* Base */ = {isa = PBXFileReference; lastKnownFileType = file.storyboard; name = Base; path = Base.lproj/Main.storyboard; sourceTree = "<group>"; };
		041F8EFB22F822FD00CA1946 /* Assets.xcassets */ = {isa = PBXFileReference; lastKnownFileType = folder.assetcatalog; path = Assets.xcassets; sourceTree = "<group>"; };
		041F8EFE22F822FD00CA1946 /* Base */ = {isa = PBXFileReference; lastKnownFileType = file.storyboard; name = Base; path = Base.lproj/LaunchScreen.storyboard; sourceTree = "<group>"; };
		041F8F0022F822FD00CA1946 /* Info.plist */ = {isa = PBXFileReference; lastKnownFileType = text.plist.xml; path = Info.plist; sourceTree = "<group>"; };
		041F8F0122F822FD00CA1946 /* main.m */ = {isa = PBXFileReference; lastKnownFileType = sourcecode.c.objc; path = main.m; sourceTree = "<group>"; };
		041F8F0722F822FD00CA1946 /* HiddenNavDemoTests.xctest */ = {isa = PBXFileReference; explicitFileType = wrapper.cfbundle; includeInIndex = 0; path = HiddenNavDemoTests.xctest; sourceTree = BUILT_PRODUCTS_DIR; };
		041F8F0B22F822FD00CA1946 /* HiddenNavDemoTests.m */ = {isa = PBXFileReference; lastKnownFileType = sourcecode.c.objc; path = HiddenNavDemoTests.m; sourceTree = "<group>"; };
		041F8F0D22F822FD00CA1946 /* Info.plist */ = {isa = PBXFileReference; lastKnownFileType = text.plist.xml; path = Info.plist; sourceTree = "<group>"; };
		041F8F1222F822FD00CA1946 /* HiddenNavDemoUITests.xctest */ = {isa = PBXFileReference; explicitFileType = wrapper.cfbundle; includeInIndex = 0; path = HiddenNavDemoUITests.xctest; sourceTree = BUILT_PRODUCTS_DIR; };
		041F8F1622F822FD00CA1946 /* HiddenNavDemoUITests.m */ = {isa = PBXFileReference; lastKnownFileType = sourcecode.c.objc; path = HiddenNavDemoUITests.m; sourceTree = "<group>"; };
		041F8F1822F822FD00CA1946 /* Info.plist */ = {isa = PBXFileReference; lastKnownFileType = text.plist.xml; path = Info.plist; sourceTree = "<group>"; };
/* End PBXFileReference section */

/* Begin PBXFrameworksBuildPhase section */
		041F8EEC22F822FC00CA1946 /* Frameworks */ = {
			isa = PBXFrameworksBuildPhase;
			buildActionMask = 2147483647;
			files = (
			);
			runOnlyForDeploymentPostprocessing = 0;
		};
		041F8F0422F822FD00CA1946 /* Frameworks */ = {
			isa = PBXFrameworksBuildPhase;
			buildActionMask = 2147483647;
			files = (
			);
			runOnlyForDeploymentPostprocessing = 0;
		};
		041F8F0F22F822FD00CA1946 /* Frameworks */ = {
			isa = PBXFrameworksBuildPhase;
			buildActionMask = 2147483647;
			files = (
			);
			runOnlyForDeploymentPostprocessing = 0;
		};
/* End PBXFrameworksBuildPhase section */

/* Begin PBXGroup section */
		041F8EE622F822FC00CA1946 = {
			isa = PBXGroup;
			children = (
				041F8EF122F822FC00CA1946 /* HiddenNavDemo */,
				041F8F0A22F822FD00CA1946 /* HiddenNavDemoTests */,
				041F8F1522F822FD00CA1946 /* HiddenNavDemoUITests */,
				041F8EF022F822FC00CA1946 /* Products */,
			);
			sourceTree = "<group>";
		};
		041F8EF022F822FC00CA1946 /* Products */ = {
			isa = PBXGroup;
			children = (
				041F8EEF22F822FC00CA1946 /* HiddenNavDemo.app */,
				041F8F0722F822FD00CA1946 /* HiddenNavDemoTests.xctest */,
				041F8F1222F822FD00CA1946 /* HiddenNavDemoUITests.xctest */,
			);
			name = Products;
			sourceTree = "<group>";
		};
		041F8EF122F822FC00CA1946 /* HiddenNavDemo */ = {
			isa = PBXGroup;
			children = (
				041F8EF222F822FC00CA1946 /* AppDelegate.h */,
				041F8EF322F822FC00CA1946 /* AppDelegate.m */,
				041F8EF522F822FC00CA1946 /* ViewController.h */,
				041F8EF622F822FC00CA1946 /* ViewController.m */,
				041F8EF822F822FC00CA1946 /* Main.storyboard */,
				041F8EFB22F822FD00CA1946 /* Assets.xcassets */,
				041F8EFD22F822FD00CA1946 /* LaunchScreen.storyboard */,
				041F8F0022F822FD00CA1946 /* Info.plist */,
				041F8F0122F822FD00CA1946 /* main.m */,
			);
			path = HiddenNavDemo;
			sourceTree = "<group>";
		};
		041F8F0A22F822FD00CA1946 /* HiddenNavDemoTests */ = {
			isa = PBXGroup;
			children = (
				041F8F0B22F822FD00CA1946 /* HiddenNavDemoTests.m */,
				041F8F0D22F822FD00CA1946 /* Info.plist */,
			);
			path = HiddenNavDemoTests;
			sourceTree = "<group>";
		};
		041F8F1522F822FD00CA1946 /* HiddenNavDemoUITests */ = {
			isa = PBXGroup;
			children = (
				041F8F1622F822FD00CA1946 /* HiddenNavDemoUITests.m */,
				041F8F1822F822FD00CA1946 /* Info.plist */,
			);
			path = HiddenNavDemoUITests;
			sourceTree = "<group>";
		};
/* End PBXGroup section */

/* Begin PBXNativeTarget section */
		041F8EEE22F822FC00CA1946 /* HiddenNavDemo */ = {
			isa = PBXNativeTarget;
			buildConfigurationList = 041F8F1B22F822FD00CA1946 /* Build configuration list for PBXNativeTarget "HiddenNavDemo" */;
			buildPhases = (
				041F8EEB22F822FC00CA1946 /* Sources */,
				041F8EEC22F822FC00CA1946 /* Frameworks */,
				041F8EED22F822FC00CA1946 /* Resources */,
			);
			buildRules = (
			);
			dependencies = (
			);
			name = HiddenNavDemo;
			productName = HiddenNavDemo;
			productReference = 041F8EEF22F822FC00CA1946 /* HiddenNavDemo.app */;
			productType = "com.apple.product-type.application";
		};
		041F8F0622F822FD00CA1946 /* HiddenNavDemoTests */ = {
			isa = PBXNativeTarget;
			buildConfigurationList = 041F8F1E22F822FD00CA1946 /* Build configuration list for PBXNativeTarget "HiddenNavDemoTests" */;
			buildPhases = (
				041F8F0322F822FD00CA1946 /* Sources */,
				041F8F0422F822FD00CA1946 /* Frameworks */,
				041F8F0522F822FD00CA1946 /* Resources */,
			);
			buildRules = (
			);
			dependencies = (
				041F8F0922F822FD00CA1946 /* PBXTargetDependency */,
			);
			name = HiddenNavDemoTests;
			productName = HiddenNavDemoTests;
			productReference = 041F8F0722F822FD00CA1946 /* HiddenNavDemoTests.xctest */;
			productType = "com.apple.product-type.bundle.unit-test";
		};
		041F8F1122F822FD00CA1946 /* HiddenNavDemoUITests */ = {
			isa = PBXNativeTarget;
			buildConfigurationList = 041F8F2122F822FD00CA1946 /* Build configuration list for PBXNativeTarget "HiddenNavDemoUITests" */;
			buildPhases = (
				041F8F0E22F822FD00CA1946 /* Sources */,
				041F8F0F22F822FD00CA1946 /* Frameworks */,
				041F8F1022F822FD00CA1946 /* Resources */,
			);
			buildRules = (
			);
			dependencies = (
				041F8F1422F822FD00CA1946 /* PBXTargetDependency */,
			);
			name = HiddenNavDemoUITests;
			productName = HiddenNavDemoUITests;
			productReference = 041F8F1222F822FD00CA1946 /* HiddenNavDemoUITests.xctest */;
			productType = "com.apple.product-type.bundle.ui-testing";
		};
/* End PBXNativeTarget section */

/* Begin PBXProject section */
		041F8EE722F822FC00CA1946 /* Project object */ = {
			isa = PBXProject;
			attributes = {
				LastUpgradeCheck = 1020;
				ORGANIZATIONNAME = Mac;
				TargetAttributes = {
					041F8EEE22F822FC00CA1946 = {
						CreatedOnToolsVersion = 10.2.1;
					};
					041F8F0622F822FD00CA1946 = {
						CreatedOnToolsVersion = 10.2.1;
						TestTargetID = 041F8EEE22F822FC00CA1946;
					};
					041F8F1122F822FD00CA1946 = {
						CreatedOnToolsVersion = 10.2.1;
						TestTargetID = 041F8EEE22F822FC00CA1946;
					};
				};
			};
			buildConfigurationList = 041F8EEA22F822FC00CA1946 /* Build configuration list for PBXProject "HiddenNavDemo" */;
			compatibilityVersion = "Xcode 9.3";
			developmentRegion = en;
			hasScannedForEncodings = 0;
			knownRegions = (
				en,
				Base,
			);
			mainGroup = 041F8EE622F822FC00CA1946;
			productRefGroup = 041F8EF022F822FC00CA1946 /* Products */;
			projectDirPath = "";
			projectRoot = "";
			targets = (
				041F8EEE22F822FC00CA1946 /* HiddenNavDemo */,
				041F8F0622F822FD00CA1946 /* HiddenNavDemoTests */,
				041F8F1122F822FD00CA1946 /* HiddenNavDemoUITests */,
			);
		};
/* End PBXProject section */

/* Begin PBXResourcesBuildPhase section */
		041F8EED22F822FC00CA1946 /* Resources */ = {
			isa = PBXResourcesBuildPhase;
			buildActionMask = 2147483647;
			files = (
				041F8EFF22F822FD00CA1946 /* LaunchScreen.storyboard in Resources */,
				041F8EFC22F822FD00CA1946 /* Assets.xcassets in Resources */,
				041F8EFA22F822FC00CA1946 /* Main.storyboard in Resources */,
			);
			runOnlyForDeploymentPostprocessing = 0;
		};
		041F8F0522F822FD00CA1946 /* Resources */ = {
			isa = PBXResourcesBuildPhase;
			buildActionMask = 2147483647;
			files = (
			);
			runOnlyForDeploymentPostprocessing = 0;
		};
		041F8F1022F822FD00CA1946 /* Resources */ = {
			isa = PBXResourcesBuildPhase;
			buildActionMask = 2147483647;
			files = (
			);
			runOnlyForDeploymentPostprocessing = 0;
		};
/* End PBXResourcesBuildPhase section */

/* Begin PBXSourcesBuildPhase section */
		041F8EEB22F822FC00CA1946 /* Sources */ = {
			isa = PBXSourcesBuildPhase;
			buildActionMask = 2147483647;
			files = (
				041F8EF722F822FC00CA1946 /* ViewController.m in Sources */,
				041F8F0222F822FD00CA1946 /* main.m in Sources */,
				041F8EF422F822FC00CA1946 /* AppDelegate.m in Sources */,
			);
			runOnlyForDeploymentPostprocessing = 0;
		};
		041F8F0322F822FD00CA1946 /* Sources */ = {
			isa = PBXSourcesBuildPhase;
			buildActionMask = 2147483647;
			files = (
				041F8F0C22F822FD00CA1946 /* HiddenNavDemoTests.m in Sources */,
			);
			runOnlyForDeploymentPostprocessing = 0;
		};
		041F8F0E22F822FD00CA1946 /* Sources */ = {
			isa = PBXSourcesBuildPhase;
			buildActionMask = 2147483647;
			files = (
				041F8F1722F822FD00CA1946 /* HiddenNavDemoUITests.m in Sources */,
			);
			runOnlyForDeploymentPostprocessing = 0;
		};
/* End PBXSourcesBuildPhase section */

/* Begin PBXTargetDependency section */
		041F8F0922F822FD00CA1946 /* PBXTargetDependency */ = {
			isa = PBXTargetDependency;
			target = 041F8EEE22F822FC00CA1946 /* HiddenNavDemo */;
			targetProxy = 041F8F0822F822FD00CA1946 /* PBXContainerItemProxy */;
		};
		041F8F1422F822FD00CA1946 /* PBXTargetDependency */ = {
			isa = PBXTargetDependency;
			target = 041F8EEE22F822FC00CA1946 /* HiddenNavDemo */;
			targetProxy = 041F8F1322F822FD00CA1946 /* PBXContainerItemProxy */;
		};
/* End PBXTargetDependency section */

/* Begin PBXVariantGroup section */
		041F8EF822F822FC00CA1946 /* Main.storyboard */ = {
			isa = PBXVariantGroup;
			children = (
				041F8EF922F822FC00CA1946 /* Base */,
			);
			name = Main.storyboard;
			sourceTree = "<group>";
		};
		041F8EFD22F822FD00CA1946 /* LaunchScreen.storyboard */ = {
			isa = PBXVariantGroup;
			children = (
				041F8EFE22F822FD00CA1946 /* Base */,
			);
			name = LaunchScreen.storyboard;
			sourceTree = "<group>";
		};
/* End PBXVariantGroup section */

/* Begin XCBuildConfiguration section */
		041F8F1922F822FD00CA1946 /* Debug */ = {
			isa = XCBuildConfiguration;
			buildSettings = {
				ALWAYS_SEARCH_USER_PATHS = NO;
				CLANG_ANALYZER_NONNULL = YES;
				CLANG_ANALYZER_NUMBER_OBJECT_CONVERSION = YES_AGGRESSIVE;
				CLANG_CXX_LANGUAGE_STANDARD = "gnu++14";
				CLANG_CXX_LIBRARY = "libc++";
				CLANG_ENABLE_MODULES = YES;
				CLANG_ENABLE_OBJC_ARC = YES;
				CLANG_ENABLE_OBJC_WEAK = YES;
				CLANG_WARN_BLOCK_CAPTURE_AUTORELEASING = YES;
				CLANG_WARN_BOOL_CONVERSION = YES;
				CLANG_WARN_COMMA = YES;
				CLANG_WARN_CONSTANT_CONVERSION = YES;
				CLANG_WARN_DEPRECATED_OBJC_IMPLEMENTATIONS = YES;
				CLANG_WARN_DIRECT_OBJC_ISA_USAGE = YES_ERROR;
				CLANG_WARN_DOCUMENTATION_COMMENTS = YES;
				CLANG_WARN_EMPTY_BODY = YES;
				CLANG_WARN_ENUM_CONVERSION = YES;
				CLANG_WARN_INFINITE_RECURSION = YES;
				CLANG_WARN_INT_CONVERSION = YES;
				CLANG_WARN_NON_LITERAL_NULL_CONVERSION = YES;
				CLANG_WARN_OBJC_IMPLICIT_RETAIN_SELF = YES;
				CLANG_WARN_OBJC_LITERAL_CONVERSION = YES;
				CLANG_WARN_OBJC_ROOT_CLASS = YES_ERROR;
				CLANG_WARN_RANGE_LOOP_ANALYSIS = YES;
				CLANG_WARN_STRICT_PROTOTYPES = YES;
				CLANG_WARN_SUSPICIOUS_MOVE = YES;
				CLANG_WARN_UNGUARDED_AVAILABILITY = YES_AGGRESSIVE;
				CLANG_WARN_UNREACHABLE_CODE = YES;
				CLANG_WARN__DUPLICATE_METHOD_MATCH = YES;
				CODE_SIGN_IDENTITY = "iPhone Developer";
				COPY_PHASE_STRIP = NO;
				DEBUG_INFORMATION_FORMAT = dwarf;
				ENABLE_STRICT_OBJC_MSGSEND = YES;
				ENABLE_TESTABILITY = YES;
				GCC_C_LANGUAGE_STANDARD = gnu11;
				GCC_DYNAMIC_NO_PIC = NO;
				GCC_NO_COMMON_BLOCKS = YES;
				GCC_OPTIMIZATION_LEVEL = 0;
				GCC_PREPROCESSOR_DEFINITIONS = (
					"DEBUG=1",
					"$(inherited)",
				);
				GCC_WARN_64_TO_32_BIT_CONVERSION = YES;
				GCC_WARN_ABOUT_RETURN_TYPE = YES_ERROR;
				GCC_WARN_UNDECLARED_SELECTOR = YES;
				GCC_WARN_UNINITIALIZED_AUTOS = YES_AGGRESSIVE;
				GCC_WARN_UNUSED_FUNCTION = YES;
				GCC_WARN_UNUSED_VARIABLE = YES;
				IPHONEOS_DEPLOYMENT_TARGET = 12.2;
				MTL_ENABLE_DEBUG_INFO = INCLUDE_SOURCE;
				MTL_FAST_MATH = YES;
				ONLY_ACTIVE_ARCH = YES;
				SDKROOT = iphoneos;
			};
			name = Debug;
		};
		041F8F1A22F822FD00CA1946 /* Release */ = {
			isa = XCBuildConfiguration;
			buildSettings = {
				ALWAYS_SEARCH_USER_PATHS = NO;
				CLANG_ANALYZER_NONNULL = YES;
				CLANG_ANALYZER_NUMBER_OBJECT_CONVERSION = YES_AGGRESSIVE;
				CLANG_CXX_LANGUAGE_STANDARD = "gnu++14";
				CLANG_CXX_LIBRARY = "libc++";
				CLANG_ENABLE_MODULES = YES;
				CLANG_ENABLE_OBJC_ARC = YES;
				CLANG_ENABLE_OBJC_WEAK = YES;
				CLANG_WARN_BLOCK_CAPTURE_AUTORELEASING = YES;
				CLANG_WARN_BOOL_CONVERSION = YES;
				CLANG_WARN_COMMA = YES;
				CLANG_WARN_CONSTANT_CONVERSION = YES;
				CLANG_WARN_DEPRECATED_OBJC_IMPLEMENTATIONS = YES;
				CLANG_WARN_DIRECT_OBJC_ISA_USAGE = YES_ERROR;
				CLANG_WARN_DOCUMENTATION_COMMENTS = YES;
				CLANG_WARN_EMPTY_BODY = YES;
				CLANG_WARN_ENUM_CONVERSION = YES;
				CLANG_WARN_INFINITE_RECURSION = YES;
				CLANG_WARN_INT_CONVERSION = YES;
				CLANG_WARN_NON_LITERAL_NULL_CONVERSION = YES;
				CLANG_WARN_OBJC_IMPLICIT_RETAIN_SELF = YES;
				CLANG_WARN_OBJC_LITERAL_CONVERSION = YES;
				CLANG_WARN_OBJC_ROOT_CLASS = YES_ERROR;
				CLANG_WARN_RANGE_LOOP_ANALYSIS = YES;
				CLANG_WARN_STRICT_PROTOTYPES = YES;
				CLANG_WARN_SUSPICIOUS_MOVE = YES;
				CLANG_WARN_UNGUARDED_AVAILABILITY = YES_AGGRESSIVE;
				CLANG_WARN_UNREACHABLE_CODE = YES;
				CLANG_WARN__DUPLICATE_METHOD_MATCH = YES;
				CODE_SIGN_IDENTITY = "iPhone Developer";
				COPY_PHASE_STRIP = NO;
				DEBUG_INFORMATION_FORMAT = "dwarf-with-dsym";
				ENABLE_NS_ASSERTIONS = NO;
				ENABLE_STRICT_OBJC_MSGSEND = YES;
				GCC_C_LANGUAGE_STANDARD = gnu11;
				GCC_NO_COMMON_BLOCKS = YES;
				GCC_WARN_64_TO_32_BIT_CONVERSION = YES;
				GCC_WARN_ABOUT_RETURN_TYPE = YES_ERROR;
				GCC_WARN_UNDECLARED_SELECTOR = YES;
				GCC_WARN_UNINITIALIZED_AUTOS = YES_AGGRESSIVE;
				GCC_WARN_UNUSED_FUNCTION = YES;
				GCC_WARN_UNUSED_VARIABLE = YES;
				IPHONEOS_DEPLOYMENT_TARGET = 12.2;
				MTL_ENABLE_DEBUG_INFO = NO;
				MTL_FAST_MATH = YES;
				SDKROOT = iphoneos;
				VALIDATE_PRODUCT = YES;
			};
			name = Release;
		};
		041F8F1C22F822FD00CA1946 /* Debug */ = {
			isa = XCBuildConfiguration;
			buildSettings = {
				ASSETCATALOG_COMPILER_APPICON_NAME = AppIcon;
				CODE_SIGN_STYLE = Automatic;
				DEVELOPMENT_TEAM = BNAB72QF8C;
				INFOPLIST_FILE = HiddenNavDemo/Info.plist;
				LD_RUNPATH_SEARCH_PATHS = (
					"$(inherited)",
					"@executable_path/Frameworks",
				);
				PRODUCT_BUNDLE_IDENTIFIER = www.hime.HiddenNavDemo;
				PRODUCT_NAME = "$(TARGET_NAME)";
				TARGETED_DEVICE_FAMILY = "1,2";
			};
			name = Debug;
		};
		041F8F1D22F822FD00CA1946 /* Release */ = {
			isa = XCBuildConfiguration;
			buildSettings = {
				ASSETCATALOG_COMPILER_APPICON_NAME = AppIcon;
				CODE_SIGN_STYLE = Automatic;
				DEVELOPMENT_TEAM = BNAB72QF8C;
				INFOPLIST_FILE = HiddenNavDemo/Info.plist;
				LD_RUNPATH_SEARCH_PATHS = (
					"$(inherited)",
					"@executable_path/Frameworks",
				);
				PRODUCT_BUNDLE_IDENTIFIER = www.hime.HiddenNavDemo;
				PRODUCT_NAME = "$(TARGET_NAME)";
				TARGETED_DEVICE_FAMILY = "1,2";
			};
			name = Release;
		};
		041F8F1F22F822FD00CA1946 /* Debug */ = {
			isa = XCBuildConfiguration;
			buildSettings = {
				BUNDLE_LOADER = "$(TEST_HOST)";
				CODE_SIGN_STYLE = Automatic;
				INFOPLIST_FILE = HiddenNavDemoTests/Info.plist;
				LD_RUNPATH_SEARCH_PATHS = (
					"$(inherited)",
					"@executable_path/Frameworks",
					"@loader_path/Frameworks",
				);
				PRODUCT_BUNDLE_IDENTIFIER = www.hime.HiddenNavDemoTests;
				PRODUCT_NAME = "$(TARGET_NAME)";
				TARGETED_DEVICE_FAMILY = "1,2";
				TEST_HOST = "$(BUILT_PRODUCTS_DIR)/HiddenNavDemo.app/HiddenNavDemo";
			};
			name = Debug;
		};
		041F8F2022F822FD00CA1946 /* Release */ = {
			isa = XCBuildConfiguration;
			buildSettings = {
				BUNDLE_LOADER = "$(TEST_HOST)";
				CODE_SIGN_STYLE = Automatic;
				INFOPLIST_FILE = HiddenNavDemoTests/Info.plist;
				LD_RUNPATH_SEARCH_PATHS = (
					"$(inherited)",
					"@executable_path/Frameworks",
					"@loader_path/Frameworks",
				);
				PRODUCT_BUNDLE_IDENTIFIER = www.hime.HiddenNavDemoTests;
				PRODUCT_NAME = "$(TARGET_NAME)";
				TARGETED_DEVICE_FAMILY = "1,2";
				TEST_HOST = "$(BUILT_PRODUCTS_DIR)/HiddenNavDemo.app/HiddenNavDemo";
			};
			name = Release;
		};
		041F8F2222F822FD00CA1946 /* Debug */ = {
			isa = XCBuildConfiguration;
			buildSettings = {
				CODE_SIGN_STYLE = Automatic;
				INFOPLIST_FILE = HiddenNavDemoUITests/Info.plist;
				LD_RUNPATH_SEARCH_PATHS = (
					"$(inherited)",
					"@executable_path/Frameworks",
					"@loader_path/Frameworks",
				);
				PRODUCT_BUNDLE_IDENTIFIER = www.hime.HiddenNavDemoUITests;
				PRODUCT_NAME = "$(TARGET_NAME)";
				TARGETED_DEVICE_FAMILY = "1,2";
				TEST_TARGET_NAME = HiddenNavDemo;
			};
			name = Debug;
		};
		041F8F2322F822FD00CA1946 /* Release */ = {
			isa = XCBuildConfiguration;
			buildSettings = {
				CODE_SIGN_STYLE = Automatic;
				INFOPLIST_FILE = HiddenNavDemoUITests/Info.plist;
				LD_RUNPATH_SEARCH_PATHS = (
					"$(inherited)",
					"@executable_path/Frameworks",
					"@loader_path/Frameworks",
				);
				PRODUCT_BUNDLE_IDENTIFIER = www.hime.HiddenNavDemoUITests;
				PRODUCT_NAME = "$(TARGET_NAME)";
				TARGETED_DEVICE_FAMILY = "1,2";
				TEST_TARGET_NAME = HiddenNavDemo;
			};
			name = Release;
		};
/* End XCBuildConfiguration section */

/* Begin XCConfigurationList section */
		041F8EEA22F822FC00CA1946 /* Build configuration list for PBXProject "HiddenNavDemo" */ = {
			isa = XCConfigurationList;
			buildConfigurations = (
				041F8F1922F822FD00CA1946 /* Debug */,
				041F8F1A22F822FD00CA1946 /* Release */,
			);
			defaultConfigurationIsVisible = 0;
			defaultConfigurationName = Release;
		};
		041F8F1B22F822FD00CA1946 /* Build configuration list for PBXNativeTarget "HiddenNavDemo" */ = {
			isa = XCConfigurationList;
			buildConfigurations = (
				041F8F1C22F822FD00CA1946 /* Debug */,
				041F8F1D22F822FD00CA1946 /* Release */,
			);
			defaultConfigurationIsVisible = 0;
			defaultConfigurationName = Release;
		};
		041F8F1E22F822FD00CA1946 /* Build configuration list for PBXNativeTarget "HiddenNavDemoTests" */ = {
			isa = XCConfigurationList;
			buildConfigurations = (
				041F8F1F22F822FD00CA1946 /* Debug */,
				041F8F2022F822FD00CA1946 /* Release */,
			);
			defaultConfigurationIsVisible = 0;
			defaultConfigurationName = Release;
		};
		041F8F2122F822FD00CA1946 /* Build configuration list for PBXNativeTarget "HiddenNavDemoUITests" */ = {
			isa = XCConfigurationList;
			buildConfigurations = (
				041F8F2222F822FD00CA1946 /* Debug */,
				041F8F2322F822FD00CA1946 /* Release */,
			);
			defaultConfigurationIsVisible = 0;
			defaultConfigurationName = Release;
		};
/* End XCConfigurationList section */
	};
	rootObject = 041F8EE722F822FC00CA1946 /* Project object */;
}
